Microsoft Visual Studio Solution File, Format Version 8.00
Project("{8BC9CEB8-8B4A-11D0-8D11-00A0C91BC942}") = "Render", "Render\Render.vcproj", "{8D254B90-E306-4081-A5B8-9F4E31436AE1}"
	ProjectSection(ProjectDependencies) = postProject
	EndProjectSection
EndProject
Project("{8BC9CEB8-8B4A-11D0-8D11-00A0C91BC942}") = "Scripts", "Scripts.vcproj", "{E4B6F8B6-7055-4D0D-9318-CED625D98550}"
	ProjectSection(ProjectDependencies) = postProject
	EndProjectSection
EndProject
Project("{8BC9CEB8-8B4A-11D0-8D11-00A0C91BC942}") = "Terra", "Terra\Terra.vcproj", "{C9C324DD-85D1-4135-9191-6CE8F6613E83}"
	ProjectSection(ProjectDependencies) = postProject
	EndProjectSection
EndProject
Project("{8BC9CEB8-8B4A-11D0-8D11-00A0C91BC942}") = "Game", "Game.vcproj", "{6C4400BB-8A05-4498-A9D3-E362CCF5B47D}"
	ProjectSection(ProjectDependencies) = postProject
		{94BA584C-8778-45FA-816E-916DF0EA2794} = {94BA584C-8778-45FA-816E-916DF0EA2794}
		{C8F2A87B-E2D8-4306-8D76-EC6B30C5F0C7} = {C8F2A87B-E2D8-4306-8D76-EC6B30C5F0C7}
		{3255C187-3794-48D2-9228-904CFFB7FA5B} = {3255C187-3794-48D2-9228-904CFFB7FA5B}
		{8D254B90-E306-4081-A5B8-9F4E31436AE1} = {8D254B90-E306-4081-A5B8-9F4E31436AE1}
		{C9C324DD-85D1-4135-9191-6CE8F6613E83} = {C9C324DD-85D1-4135-9191-6CE8F6613E83}
		{A0D452FF-B4A4-47E2-990B-6F212955D967} = {A0D452FF-B4A4-47E2-990B-6F212955D967}
	EndProjectSection
EndProject
Project("{8BC9CEB8-8B4A-11D0-8D11-00A0C91BC942}") = "TriggerEditor", "TriggerEditor\TriggerEditor.vcproj", "{AD244313-231B-48E1-8BB9-70B8C3F83FBA}"
	ProjectSection(ProjectDependencies) = postProject
		{3255C187-3794-48D2-9228-904CFFB7FA5B} = {3255C187-3794-48D2-9228-904CFFB7FA5B}
		{32F47DFC-DA16-4F61-9B0B-3B9D272CC72F} = {32F47DFC-DA16-4F61-9B0B-3B9D272CC72F}
	EndProjectSection
EndProject
Project("{8BC9CEB8-8B4A-11D0-8D11-00A0C91BC942}") = "Peer", "Network\Peer2\peer\Peer.vcproj", "{A0D452FF-B4A4-47E2-990B-6F212955D967}"
	ProjectSection(ProjectDependencies) = postProject
	EndProjectSection
EndProject
Project("{8BC9CEB8-8B4A-11D0-8D11-00A0C91BC942}") = "Core", "Core.vcproj", "{94BA584C-8778-45FA-816E-916DF0EA2794}"
	ProjectSection(ProjectDependencies) = postProject
	EndProjectSection
EndProject
Project("{8BC9CEB8-8B4A-11D0-8D11-00A0C91BC942}") = "Sound", "Sound\Sound.vcproj", "{C8F2A87B-E2D8-4306-8D76-EC6B30C5F0C7}"
	ProjectSection(ProjectDependencies) = postProject
	EndProjectSection
EndProject
Project("{8BC9CEB8-8B4A-11D0-8D11-00A0C91BC942}") = "TreeListCtrl", "AttribEditor\TreeListCtrl\TreeListCtrl.vcproj", "{32F47DFC-DA16-4F61-9B0B-3B9D272CC72F}"
	ProjectSection(ProjectDependencies) = postProject
	EndProjectSection
EndProject
Project("{8BC9CEB8-8B4A-11D0-8D11-00A0C91BC942}") = "Serialization", "Util\Serialization\lib\Serialization.vcproj", "{3255C187-3794-48D2-9228-904CFFB7FA5B}"
	ProjectSection(ProjectDependencies) = postProject
	EndProjectSection
EndProject
Global
	GlobalSection(SolutionConfiguration) = preSolution
		Debug = Debug
		Debug DLL = Debug DLL
		Final = Final
		Release = Release
		Release DLL = Release DLL
	EndGlobalSection
	GlobalSection(ProjectConfiguration) = postSolution
		{8D254B90-E306-4081-A5B8-9F4E31436AE1}.Debug.ActiveCfg = Debug|Win32
		{8D254B90-E306-4081-A5B8-9F4E31436AE1}.Debug.Build.0 = Debug|Win32
		{8D254B90-E306-4081-A5B8-9F4E31436AE1}.Debug DLL.ActiveCfg = Debug|Win32
		{8D254B90-E306-4081-A5B8-9F4E31436AE1}.Debug DLL.Build.0 = Debug|Win32
		{8D254B90-E306-4081-A5B8-9F4E31436AE1}.Final.ActiveCfg = Final|Win32
		{8D254B90-E306-4081-A5B8-9F4E31436AE1}.Final.Build.0 = Final|Win32
		{8D254B90-E306-4081-A5B8-9F4E31436AE1}.Release.ActiveCfg = Release|Win32
		{8D254B90-E306-4081-A5B8-9F4E31436AE1}.Release.Build.0 = Release|Win32
		{8D254B90-E306-4081-A5B8-9F4E31436AE1}.Release DLL.ActiveCfg = Release|Win32
		{8D254B90-E306-4081-A5B8-9F4E31436AE1}.Release DLL.Build.0 = Release|Win32
		{E4B6F8B6-7055-4D0D-9318-CED625D98550}.Debug.ActiveCfg = Debug|Win32
		{E4B6F8B6-7055-4D0D-9318-CED625D98550}.Debug.Build.0 = Debug|Win32
		{E4B6F8B6-7055-4D0D-9318-CED625D98550}.Debug DLL.ActiveCfg = Debug|Win32
		{E4B6F8B6-7055-4D0D-9318-CED625D98550}.Debug DLL.Build.0 = Debug|Win32
		{E4B6F8B6-7055-4D0D-9318-CED625D98550}.Final.ActiveCfg = Final|Win32
		{E4B6F8B6-7055-4D0D-9318-CED625D98550}.Final.Build.0 = Final|Win32
		{E4B6F8B6-7055-4D0D-9318-CED625D98550}.Release.ActiveCfg = Release|Win32
		{E4B6F8B6-7055-4D0D-9318-CED625D98550}.Release.Build.0 = Release|Win32
		{E4B6F8B6-7055-4D0D-9318-CED625D98550}.Release DLL.ActiveCfg = Release|Win32
		{E4B6F8B6-7055-4D0D-9318-CED625D98550}.Release DLL.Build.0 = Release|Win32
		{C9C324DD-85D1-4135-9191-6CE8F6613E83}.Debug.ActiveCfg = Debug|Win32
		{C9C324DD-85D1-4135-9191-6CE8F6613E83}.Debug.Build.0 = Debug|Win32
		{C9C324DD-85D1-4135-9191-6CE8F6613E83}.Debug DLL.ActiveCfg = Debug|Win32
		{C9C324DD-85D1-4135-9191-6CE8F6613E83}.Debug DLL.Build.0 = Debug|Win32
		{C9C324DD-85D1-4135-9191-6CE8F6613E83}.Final.ActiveCfg = Final|Win32
		{C9C324DD-85D1-4135-9191-6CE8F6613E83}.Final.Build.0 = Final|Win32
		{C9C324DD-85D1-4135-9191-6CE8F6613E83}.Release.ActiveCfg = Release|Win32
		{C9C324DD-85D1-4135-9191-6CE8F6613E83}.Release.Build.0 = Release|Win32
		{C9C324DD-85D1-4135-9191-6CE8F6613E83}.Release DLL.ActiveCfg = Release|Win32
		{C9C324DD-85D1-4135-9191-6CE8F6613E83}.Release DLL.Build.0 = Release|Win32
		{6C4400BB-8A05-4498-A9D3-E362CCF5B47D}.Debug.ActiveCfg = Debug|Win32
		{6C4400BB-8A05-4498-A9D3-E362CCF5B47D}.Debug.Build.0 = Debug|Win32
		{6C4400BB-8A05-4498-A9D3-E362CCF5B47D}.Debug DLL.ActiveCfg = Debug|Win32
		{6C4400BB-8A05-4498-A9D3-E362CCF5B47D}.Debug DLL.Build.0 = Debug|Win32
		{6C4400BB-8A05-4498-A9D3-E362CCF5B47D}.Final.ActiveCfg = Final|Win32
		{6C4400BB-8A05-4498-A9D3-E362CCF5B47D}.Final.Build.0 = Final|Win32
		{6C4400BB-8A05-4498-A9D3-E362CCF5B47D}.Release.ActiveCfg = Release|Win32
		{6C4400BB-8A05-4498-A9D3-E362CCF5B47D}.Release.Build.0 = Release|Win32
		{6C4400BB-8A05-4498-A9D3-E362CCF5B47D}.Release DLL.ActiveCfg = Release|Win32
		{6C4400BB-8A05-4498-A9D3-E362CCF5B47D}.Release DLL.Build.0 = Release|Win32
		{AD244313-231B-48E1-8BB9-70B8C3F83FBA}.Debug.ActiveCfg = Debug|Win32
		{AD244313-231B-48E1-8BB9-70B8C3F83FBA}.Debug.Build.0 = Debug|Win32
		{AD244313-231B-48E1-8BB9-70B8C3F83FBA}.Debug DLL.ActiveCfg = Debug|Win32
		{AD244313-231B-48E1-8BB9-70B8C3F83FBA}.Debug DLL.Build.0 = Debug|Win32
		{AD244313-231B-48E1-8BB9-70B8C3F83FBA}.Final.ActiveCfg = Release|Win32
		{AD244313-231B-48E1-8BB9-70B8C3F83FBA}.Final.Build.0 = Release|Win32
		{AD244313-231B-48E1-8BB9-70B8C3F83FBA}.Release.ActiveCfg = Release|Win32
		{AD244313-231B-48E1-8BB9-70B8C3F83FBA}.Release.Build.0 = Release|Win32
		{AD244313-231B-48E1-8BB9-70B8C3F83FBA}.Release DLL.ActiveCfg = Release|Win32
		{AD244313-231B-48E1-8BB9-70B8C3F83FBA}.Release DLL.Build.0 = Release|Win32
		{A0D452FF-B4A4-47E2-990B-6F212955D967}.Debug.ActiveCfg = Debug|Win32
		{A0D452FF-B4A4-47E2-990B-6F212955D967}.Debug.Build.0 = Debug|Win32
		{A0D452FF-B4A4-47E2-990B-6F212955D967}.Debug DLL.ActiveCfg = Debug|Win32
		{A0D452FF-B4A4-47E2-990B-6F212955D967}.Debug DLL.Build.0 = Debug|Win32
		{A0D452FF-B4A4-47E2-990B-6F212955D967}.Final.ActiveCfg = Final|Win32
		{A0D452FF-B4A4-47E2-990B-6F212955D967}.Final.Build.0 = Final|Win32
		{A0D452FF-B4A4-47E2-990B-6F212955D967}.Release.ActiveCfg = Release|Win32
		{A0D452FF-B4A4-47E2-990B-6F212955D967}.Release.Build.0 = Release|Win32
		{A0D452FF-B4A4-47E2-990B-6F212955D967}.Release DLL.ActiveCfg = Release|Win32
		{A0D452FF-B4A4-47E2-990B-6F212955D967}.Release DLL.Build.0 = Release|Win32
		{94BA584C-8778-45FA-816E-916DF0EA2794}.Debug.ActiveCfg = Debug|Win32
		{94BA584C-8778-45FA-816E-916DF0EA2794}.Debug.Build.0 = Debug|Win32
		{94BA584C-8778-45FA-816E-916DF0EA2794}.Debug DLL.ActiveCfg = Debug|Win32
		{94BA584C-8778-45FA-816E-916DF0EA2794}.Debug DLL.Build.0 = Debug|Win32
		{94BA584C-8778-45FA-816E-916DF0EA2794}.Final.ActiveCfg = Final|Win32
		{94BA584C-8778-45FA-816E-916DF0EA2794}.Final.Build.0 = Final|Win32
		{94BA584C-8778-45FA-816E-916DF0EA2794}.Release.ActiveCfg = Release|Win32
		{94BA584C-8778-45FA-816E-916DF0EA2794}.Release.Build.0 = Release|Win32
		{94BA584C-8778-45FA-816E-916DF0EA2794}.Release DLL.ActiveCfg = Release|Win32
		{94BA584C-8778-45FA-816E-916DF0EA2794}.Release DLL.Build.0 = Release|Win32
		{C8F2A87B-E2D8-4306-8D76-EC6B30C5F0C7}.Debug.ActiveCfg = Debug|Win32
		{C8F2A87B-E2D8-4306-8D76-EC6B30C5F0C7}.Debug.Build.0 = Debug|Win32
		{C8F2A87B-E2D8-4306-8D76-EC6B30C5F0C7}.Debug DLL.ActiveCfg = Debug|Win32
		{C8F2A87B-E2D8-4306-8D76-EC6B30C5F0C7}.Debug DLL.Build.0 = Debug|Win32
		{C8F2A87B-E2D8-4306-8D76-EC6B30C5F0C7}.Final.ActiveCfg = Final|Win32
		{C8F2A87B-E2D8-4306-8D76-EC6B30C5F0C7}.Final.Build.0 = Final|Win32
		{C8F2A87B-E2D8-4306-8D76-EC6B30C5F0C7}.Release.ActiveCfg = Release|Win32
		{C8F2A87B-E2D8-4306-8D76-EC6B30C5F0C7}.Release.Build.0 = Release|Win32
		{C8F2A87B-E2D8-4306-8D76-EC6B30C5F0C7}.Release DLL.ActiveCfg = Release|Win32
		{C8F2A87B-E2D8-4306-8D76-EC6B30C5F0C7}.Release DLL.Build.0 = Release|Win32
		{32F47DFC-DA16-4F61-9B0B-3B9D272CC72F}.Debug.ActiveCfg = Debug|Win32
		{32F47DFC-DA16-4F61-9B0B-3B9D272CC72F}.Debug.Build.0 = Debug|Win32
		{32F47DFC-DA16-4F61-9B0B-3B9D272CC72F}.Debug DLL.ActiveCfg = Debug DLL|Win32
		{32F47DFC-DA16-4F61-9B0B-3B9D272CC72F}.Debug DLL.Build.0 = Debug DLL|Win32
		{32F47DFC-DA16-4F61-9B0B-3B9D272CC72F}.Final.ActiveCfg = Release|Win32
		{32F47DFC-DA16-4F61-9B0B-3B9D272CC72F}.Final.Build.0 = Release|Win32
		{32F47DFC-DA16-4F61-9B0B-3B9D272CC72F}.Release.ActiveCfg = Release|Win32
		{32F47DFC-DA16-4F61-9B0B-3B9D272CC72F}.Release.Build.0 = Release|Win32
		{32F47DFC-DA16-4F61-9B0B-3B9D272CC72F}.Release DLL.ActiveCfg = Release DLL|Win32
		{32F47DFC-DA16-4F61-9B0B-3B9D272CC72F}.Release DLL.Build.0 = Release DLL|Win32
		{3255C187-3794-48D2-9228-904CFFB7FA5B}.Debug.ActiveCfg = Debug|Win32
		{3255C187-3794-48D2-9228-904CFFB7FA5B}.Debug.Build.0 = Debug|Win32
		{3255C187-3794-48D2-9228-904CFFB7FA5B}.Debug DLL.ActiveCfg = Debug|Win32
		{3255C187-3794-48D2-9228-904CFFB7FA5B}.Debug DLL.Build.0 = Debug|Win32
		{3255C187-3794-48D2-9228-904CFFB7FA5B}.Final.ActiveCfg = Final|Win32
		{3255C187-3794-48D2-9228-904CFFB7FA5B}.Final.Build.0 = Final|Win32
		{3255C187-3794-48D2-9228-904CFFB7FA5B}.Release.ActiveCfg = Release|Win32
		{3255C187-3794-48D2-9228-904CFFB7FA5B}.Release.Build.0 = Release|Win32
		{3255C187-3794-48D2-9228-904CFFB7FA5B}.Release DLL.ActiveCfg = Release|Win32
		{3255C187-3794-48D2-9228-904CFFB7FA5B}.Release DLL.Build.0 = Release|Win32
	EndGlobalSection
	GlobalSection(ExtensibilityGlobals) = postSolution
	EndGlobalSection
	GlobalSection(ExtensibilityAddIns) = postSolution
	EndGlobalSection
	GlobalSection(DPCodeReviewSolutionGUID) = preSolution
		DPCodeReviewSolutionGUID = {00000000-0000-0000-0000-000000000000}
	EndGlobalSection
EndGlobal
