Microsoft Visual Studio Solution File, Format Version 8.00
Project("{8BC9CEB8-8B4A-11D0-8D11-00A0C91BC942}") = "Render", "..\Render\Render.vcproj", "{8D254B90-E306-4081-A5B8-9F4E31436AE1}"
	ProjectSection(ProjectDependencies) = postProject
	EndProjectSection
EndProject
Project("{8BC9CEB8-8B4A-11D0-8D11-00A0C91BC942}") = "Scripts", "..\Scripts.vcproj", "{95207576-8096-4B8F-81F0-72C9220D1AA2}"
	ProjectSection(ProjectDependencies) = postProject
	EndProjectSection
EndProject
Project("{8BC9CEB8-8B4A-11D0-8D11-00A0C91BC942}") = "UIEditor", "UIEditor.vcproj", "{307E57EB-B547-42C4-8F2B-A58C36238401}"
	ProjectSection(ProjectDependencies) = postProject
		{94BA584C-8778-45FA-816E-916DF0EA2794} = {94BA584C-8778-45FA-816E-916DF0EA2794}
		{95207576-8096-4B8F-81F0-72C9220D1AA2} = {95207576-8096-4B8F-81F0-72C9220D1AA2}
		{C8F2A87B-E2D8-4306-8D76-EC6B30C5F0C7} = {C8F2A87B-E2D8-4306-8D76-EC6B30C5F0C7}
		{60375085-39B1-4121-BBD2-FDAB085C8E18} = {60375085-39B1-4121-BBD2-FDAB085C8E18}
		{3255C187-3794-48D2-9228-904CFFB7FA5B} = {3255C187-3794-48D2-9228-904CFFB7FA5B}
		{242B328B-96E4-42DB-9BBE-F4C81D51CD0F} = {242B328B-96E4-42DB-9BBE-F4C81D51CD0F}
		{FF63268D-F25C-43B8-A4A9-E184E440EBFF} = {FF63268D-F25C-43B8-A4A9-E184E440EBFF}
		{8D254B90-E306-4081-A5B8-9F4E31436AE1} = {8D254B90-E306-4081-A5B8-9F4E31436AE1}
		{28AB44A4-C26F-458B-AE29-2A54FCDE22FF} = {28AB44A4-C26F-458B-AE29-2A54FCDE22FF}
		{C9C324DD-85D1-4135-9191-6CE8F6613E83} = {C9C324DD-85D1-4135-9191-6CE8F6613E83}
		{D5583DE6-0021-47EE-B74B-E373B914F4C1} = {D5583DE6-0021-47EE-B74B-E373B914F4C1}
	EndProjectSection
EndProject
Project("{8BC9CEB8-8B4A-11D0-8D11-00A0C91BC942}") = "Core", "..\Core.vcproj", "{94BA584C-8778-45FA-816E-916DF0EA2794}"
	ProjectSection(ProjectDependencies) = postProject
		{95207576-8096-4B8F-81F0-72C9220D1AA2} = {95207576-8096-4B8F-81F0-72C9220D1AA2}
		{8D254B90-E306-4081-A5B8-9F4E31436AE1} = {8D254B90-E306-4081-A5B8-9F4E31436AE1}
	EndProjectSection
EndProject
Project("{8BC9CEB8-8B4A-11D0-8D11-00A0C91BC942}") = "Sound", "..\Sound\Sound.vcproj", "{C8F2A87B-E2D8-4306-8D76-EC6B30C5F0C7}"
	ProjectSection(ProjectDependencies) = postProject
	EndProjectSection
EndProject
Project("{8BC9CEB8-8B4A-11D0-8D11-00A0C91BC942}") = "Terra", "..\Terra\Terra.vcproj", "{C9C324DD-85D1-4135-9191-6CE8F6613E83}"
	ProjectSection(ProjectDependencies) = postProject
	EndProjectSection
EndProject
Project("{8BC9CEB8-8B4A-11D0-8D11-00A0C91BC942}") = "Serialization", "..\Util\Serialization\Serialization.vcproj", "{3255C187-3794-48D2-9228-904CFFB7FA5B}"
	ProjectSection(ProjectDependencies) = postProject
	EndProjectSection
EndProject
Project("{8BC9CEB8-8B4A-11D0-8D11-00A0C91BC942}") = "3dx", "..\Render\3dx\3dx.vcproj", "{60375085-39B1-4121-BBD2-FDAB085C8E18}"
	ProjectSection(ProjectDependencies) = postProject
	EndProjectSection
EndProject
Project("{8BC9CEB8-8B4A-11D0-8D11-00A0C91BC942}") = "VistaRender", "..\VistaRender\VistaRender.vcproj", "{28AB44A4-C26F-458B-AE29-2A54FCDE22FF}"
	ProjectSection(ProjectDependencies) = postProject
	EndProjectSection
EndProject
Project("{8BC9CEB8-8B4A-11D0-8D11-00A0C91BC942}") = "XMath", "..\Util\XMath\XMath.vcproj", "{D5583DE6-0021-47EE-B74B-E373B914F4C1}"
	ProjectSection(ProjectDependencies) = postProject
	EndProjectSection
EndProject
Project("{8BC9CEB8-8B4A-11D0-8D11-00A0C91BC942}") = "kdWidgets", "..\Util\kdw\kdWidgets.vcproj", "{242B328B-96E4-42DB-9BBE-F4C81D51CD0F}"
	ProjectSection(ProjectDependencies) = postProject
	EndProjectSection
EndProject
Project("{8BC9CEB8-8B4A-11D0-8D11-00A0C91BC942}") = "VistaEditor", "..\VistaEditor\VistaEditor.vcproj", "{FF63268D-F25C-43B8-A4A9-E184E440EBFF}"
	ProjectSection(ProjectDependencies) = postProject
		{242B328B-96E4-42DB-9BBE-F4C81D51CD0F} = {242B328B-96E4-42DB-9BBE-F4C81D51CD0F}
	EndProjectSection
EndProject
Global
	GlobalSection(SolutionConfiguration) = preSolution
		Debug = Debug
		DebugDLL = DebugDLL
		DLL Debug = DLL Debug
		DLL Release = DLL Release
		Final = Final
		LIB Debug Full = LIB Debug Full
		LIB Debug Lite = LIB Debug Lite
		LIB Debug Serialization = LIB Debug Serialization
		LIB Release Full = LIB Release Full
		LIB Release Serialization = LIB Release Serialization
		Release = Release
		ReleaseDLL = ReleaseDLL
	EndGlobalSection
	GlobalSection(ProjectDependencies) = postSolution
	EndGlobalSection
	GlobalSection(ProjectConfiguration) = postSolution
		{8D254B90-E306-4081-A5B8-9F4E31436AE1}.Debug.ActiveCfg = Debug|Win32
		{8D254B90-E306-4081-A5B8-9F4E31436AE1}.Debug.Build.0 = Debug|Win32
		{8D254B90-E306-4081-A5B8-9F4E31436AE1}.DebugDLL.ActiveCfg = DebugDll|Win32
		{8D254B90-E306-4081-A5B8-9F4E31436AE1}.DebugDLL.Build.0 = DebugDll|Win32
		{8D254B90-E306-4081-A5B8-9F4E31436AE1}.DLL Debug.ActiveCfg = Debug|Win32
		{8D254B90-E306-4081-A5B8-9F4E31436AE1}.DLL Debug.Build.0 = Debug|Win32
		{8D254B90-E306-4081-A5B8-9F4E31436AE1}.DLL Release.ActiveCfg = Release|Win32
		{8D254B90-E306-4081-A5B8-9F4E31436AE1}.DLL Release.Build.0 = Release|Win32
		{8D254B90-E306-4081-A5B8-9F4E31436AE1}.Final.ActiveCfg = Final|Win32
		{8D254B90-E306-4081-A5B8-9F4E31436AE1}.Final.Build.0 = Final|Win32
		{8D254B90-E306-4081-A5B8-9F4E31436AE1}.LIB Debug Full.ActiveCfg = Debug|Win32
		{8D254B90-E306-4081-A5B8-9F4E31436AE1}.LIB Debug Full.Build.0 = Debug|Win32
		{8D254B90-E306-4081-A5B8-9F4E31436AE1}.LIB Debug Lite.ActiveCfg = Debug|Win32
		{8D254B90-E306-4081-A5B8-9F4E31436AE1}.LIB Debug Lite.Build.0 = Debug|Win32
		{8D254B90-E306-4081-A5B8-9F4E31436AE1}.LIB Debug Serialization.ActiveCfg = Debug|Win32
		{8D254B90-E306-4081-A5B8-9F4E31436AE1}.LIB Debug Serialization.Build.0 = Debug|Win32
		{8D254B90-E306-4081-A5B8-9F4E31436AE1}.LIB Release Full.ActiveCfg = Release|Win32
		{8D254B90-E306-4081-A5B8-9F4E31436AE1}.LIB Release Full.Build.0 = Release|Win32
		{8D254B90-E306-4081-A5B8-9F4E31436AE1}.LIB Release Serialization.ActiveCfg = Release|Win32
		{8D254B90-E306-4081-A5B8-9F4E31436AE1}.LIB Release Serialization.Build.0 = Release|Win32
		{8D254B90-E306-4081-A5B8-9F4E31436AE1}.Release.ActiveCfg = Release|Win32
		{8D254B90-E306-4081-A5B8-9F4E31436AE1}.Release.Build.0 = Release|Win32
		{8D254B90-E306-4081-A5B8-9F4E31436AE1}.ReleaseDLL.ActiveCfg = ReleaseDll|Win32
		{8D254B90-E306-4081-A5B8-9F4E31436AE1}.ReleaseDLL.Build.0 = ReleaseDll|Win32
		{95207576-8096-4B8F-81F0-72C9220D1AA2}.Debug.ActiveCfg = Debug|Win32
		{95207576-8096-4B8F-81F0-72C9220D1AA2}.Debug.Build.0 = Debug|Win32
		{95207576-8096-4B8F-81F0-72C9220D1AA2}.DebugDLL.ActiveCfg = DebugDLL|Win32
		{95207576-8096-4B8F-81F0-72C9220D1AA2}.DebugDLL.Build.0 = DebugDLL|Win32
		{95207576-8096-4B8F-81F0-72C9220D1AA2}.DLL Debug.ActiveCfg = Debug|Win32
		{95207576-8096-4B8F-81F0-72C9220D1AA2}.DLL Debug.Build.0 = Debug|Win32
		{95207576-8096-4B8F-81F0-72C9220D1AA2}.DLL Release.ActiveCfg = Release|Win32
		{95207576-8096-4B8F-81F0-72C9220D1AA2}.DLL Release.Build.0 = Release|Win32
		{95207576-8096-4B8F-81F0-72C9220D1AA2}.Final.ActiveCfg = Final|Win32
		{95207576-8096-4B8F-81F0-72C9220D1AA2}.Final.Build.0 = Final|Win32
		{95207576-8096-4B8F-81F0-72C9220D1AA2}.LIB Debug Full.ActiveCfg = Debug|Win32
		{95207576-8096-4B8F-81F0-72C9220D1AA2}.LIB Debug Full.Build.0 = Debug|Win32
		{95207576-8096-4B8F-81F0-72C9220D1AA2}.LIB Debug Lite.ActiveCfg = Debug|Win32
		{95207576-8096-4B8F-81F0-72C9220D1AA2}.LIB Debug Lite.Build.0 = Debug|Win32
		{95207576-8096-4B8F-81F0-72C9220D1AA2}.LIB Debug Serialization.ActiveCfg = Debug|Win32
		{95207576-8096-4B8F-81F0-72C9220D1AA2}.LIB Debug Serialization.Build.0 = Debug|Win32
		{95207576-8096-4B8F-81F0-72C9220D1AA2}.LIB Release Full.ActiveCfg = Release|Win32
		{95207576-8096-4B8F-81F0-72C9220D1AA2}.LIB Release Full.Build.0 = Release|Win32
		{95207576-8096-4B8F-81F0-72C9220D1AA2}.LIB Release Serialization.ActiveCfg = Release|Win32
		{95207576-8096-4B8F-81F0-72C9220D1AA2}.LIB Release Serialization.Build.0 = Release|Win32
		{95207576-8096-4B8F-81F0-72C9220D1AA2}.Release.ActiveCfg = Release|Win32
		{95207576-8096-4B8F-81F0-72C9220D1AA2}.Release.Build.0 = Release|Win32
		{95207576-8096-4B8F-81F0-72C9220D1AA2}.ReleaseDLL.ActiveCfg = ReleaseDll|Win32
		{95207576-8096-4B8F-81F0-72C9220D1AA2}.ReleaseDLL.Build.0 = ReleaseDll|Win32
		{307E57EB-B547-42C4-8F2B-A58C36238401}.Debug.ActiveCfg = Debug|Win32
		{307E57EB-B547-42C4-8F2B-A58C36238401}.Debug.Build.0 = Debug|Win32
		{307E57EB-B547-42C4-8F2B-A58C36238401}.DebugDLL.ActiveCfg = DebugDLL|Win32
		{307E57EB-B547-42C4-8F2B-A58C36238401}.DebugDLL.Build.0 = DebugDLL|Win32
		{307E57EB-B547-42C4-8F2B-A58C36238401}.DLL Debug.ActiveCfg = Debug|Win32
		{307E57EB-B547-42C4-8F2B-A58C36238401}.DLL Debug.Build.0 = Debug|Win32
		{307E57EB-B547-42C4-8F2B-A58C36238401}.DLL Release.ActiveCfg = Release|Win32
		{307E57EB-B547-42C4-8F2B-A58C36238401}.DLL Release.Build.0 = Release|Win32
		{307E57EB-B547-42C4-8F2B-A58C36238401}.Final.ActiveCfg = Release|Win32
		{307E57EB-B547-42C4-8F2B-A58C36238401}.Final.Build.0 = Release|Win32
		{307E57EB-B547-42C4-8F2B-A58C36238401}.LIB Debug Full.ActiveCfg = Debug|Win32
		{307E57EB-B547-42C4-8F2B-A58C36238401}.LIB Debug Full.Build.0 = Debug|Win32
		{307E57EB-B547-42C4-8F2B-A58C36238401}.LIB Debug Lite.ActiveCfg = Debug|Win32
		{307E57EB-B547-42C4-8F2B-A58C36238401}.LIB Debug Lite.Build.0 = Debug|Win32
		{307E57EB-B547-42C4-8F2B-A58C36238401}.LIB Debug Serialization.ActiveCfg = Debug|Win32
		{307E57EB-B547-42C4-8F2B-A58C36238401}.LIB Debug Serialization.Build.0 = Debug|Win32
		{307E57EB-B547-42C4-8F2B-A58C36238401}.LIB Release Full.ActiveCfg = Release|Win32
		{307E57EB-B547-42C4-8F2B-A58C36238401}.LIB Release Full.Build.0 = Release|Win32
		{307E57EB-B547-42C4-8F2B-A58C36238401}.LIB Release Serialization.ActiveCfg = Release|Win32
		{307E57EB-B547-42C4-8F2B-A58C36238401}.LIB Release Serialization.Build.0 = Release|Win32
		{307E57EB-B547-42C4-8F2B-A58C36238401}.Release.ActiveCfg = Release|Win32
		{307E57EB-B547-42C4-8F2B-A58C36238401}.Release.Build.0 = Release|Win32
		{307E57EB-B547-42C4-8F2B-A58C36238401}.ReleaseDLL.ActiveCfg = ReleaseDLL|Win32
		{307E57EB-B547-42C4-8F2B-A58C36238401}.ReleaseDLL.Build.0 = ReleaseDLL|Win32
		{94BA584C-8778-45FA-816E-916DF0EA2794}.Debug.ActiveCfg = Debug|Win32
		{94BA584C-8778-45FA-816E-916DF0EA2794}.Debug.Build.0 = Debug|Win32
		{94BA584C-8778-45FA-816E-916DF0EA2794}.DebugDLL.ActiveCfg = DebugDLL|Win32
		{94BA584C-8778-45FA-816E-916DF0EA2794}.DebugDLL.Build.0 = DebugDLL|Win32
		{94BA584C-8778-45FA-816E-916DF0EA2794}.DLL Debug.ActiveCfg = Debug|Win32
		{94BA584C-8778-45FA-816E-916DF0EA2794}.DLL Debug.Build.0 = Debug|Win32
		{94BA584C-8778-45FA-816E-916DF0EA2794}.DLL Release.ActiveCfg = Release|Win32
		{94BA584C-8778-45FA-816E-916DF0EA2794}.DLL Release.Build.0 = Release|Win32
		{94BA584C-8778-45FA-816E-916DF0EA2794}.Final.ActiveCfg = Release|Win32
		{94BA584C-8778-45FA-816E-916DF0EA2794}.Final.Build.0 = Release|Win32
		{94BA584C-8778-45FA-816E-916DF0EA2794}.LIB Debug Full.ActiveCfg = Debug|Win32
		{94BA584C-8778-45FA-816E-916DF0EA2794}.LIB Debug Full.Build.0 = Debug|Win32
		{94BA584C-8778-45FA-816E-916DF0EA2794}.LIB Debug Lite.ActiveCfg = Debug|Win32
		{94BA584C-8778-45FA-816E-916DF0EA2794}.LIB Debug Lite.Build.0 = Debug|Win32
		{94BA584C-8778-45FA-816E-916DF0EA2794}.LIB Debug Serialization.ActiveCfg = Debug|Win32
		{94BA584C-8778-45FA-816E-916DF0EA2794}.LIB Debug Serialization.Build.0 = Debug|Win32
		{94BA584C-8778-45FA-816E-916DF0EA2794}.LIB Release Full.ActiveCfg = Release|Win32
		{94BA584C-8778-45FA-816E-916DF0EA2794}.LIB Release Full.Build.0 = Release|Win32
		{94BA584C-8778-45FA-816E-916DF0EA2794}.LIB Release Serialization.ActiveCfg = Release|Win32
		{94BA584C-8778-45FA-816E-916DF0EA2794}.LIB Release Serialization.Build.0 = Release|Win32
		{94BA584C-8778-45FA-816E-916DF0EA2794}.Release.ActiveCfg = Release|Win32
		{94BA584C-8778-45FA-816E-916DF0EA2794}.Release.Build.0 = Release|Win32
		{94BA584C-8778-45FA-816E-916DF0EA2794}.ReleaseDLL.ActiveCfg = ReleaseDLL|Win32
		{94BA584C-8778-45FA-816E-916DF0EA2794}.ReleaseDLL.Build.0 = ReleaseDLL|Win32
		{C8F2A87B-E2D8-4306-8D76-EC6B30C5F0C7}.Debug.ActiveCfg = Debug|Win32
		{C8F2A87B-E2D8-4306-8D76-EC6B30C5F0C7}.Debug.Build.0 = Debug|Win32
		{C8F2A87B-E2D8-4306-8D76-EC6B30C5F0C7}.DebugDLL.ActiveCfg = DebugDLL|Win32
		{C8F2A87B-E2D8-4306-8D76-EC6B30C5F0C7}.DebugDLL.Build.0 = DebugDLL|Win32
		{C8F2A87B-E2D8-4306-8D76-EC6B30C5F0C7}.DLL Debug.ActiveCfg = Debug|Win32
		{C8F2A87B-E2D8-4306-8D76-EC6B30C5F0C7}.DLL Debug.Build.0 = Debug|Win32
		{C8F2A87B-E2D8-4306-8D76-EC6B30C5F0C7}.DLL Release.ActiveCfg = Release|Win32
		{C8F2A87B-E2D8-4306-8D76-EC6B30C5F0C7}.DLL Release.Build.0 = Release|Win32
		{C8F2A87B-E2D8-4306-8D76-EC6B30C5F0C7}.Final.ActiveCfg = Final|Win32
		{C8F2A87B-E2D8-4306-8D76-EC6B30C5F0C7}.Final.Build.0 = Final|Win32
		{C8F2A87B-E2D8-4306-8D76-EC6B30C5F0C7}.LIB Debug Full.ActiveCfg = Debug|Win32
		{C8F2A87B-E2D8-4306-8D76-EC6B30C5F0C7}.LIB Debug Full.Build.0 = Debug|Win32
		{C8F2A87B-E2D8-4306-8D76-EC6B30C5F0C7}.LIB Debug Lite.ActiveCfg = Debug|Win32
		{C8F2A87B-E2D8-4306-8D76-EC6B30C5F0C7}.LIB Debug Lite.Build.0 = Debug|Win32
		{C8F2A87B-E2D8-4306-8D76-EC6B30C5F0C7}.LIB Debug Serialization.ActiveCfg = Debug|Win32
		{C8F2A87B-E2D8-4306-8D76-EC6B30C5F0C7}.LIB Debug Serialization.Build.0 = Debug|Win32
		{C8F2A87B-E2D8-4306-8D76-EC6B30C5F0C7}.LIB Release Full.ActiveCfg = Release|Win32
		{C8F2A87B-E2D8-4306-8D76-EC6B30C5F0C7}.LIB Release Full.Build.0 = Release|Win32
		{C8F2A87B-E2D8-4306-8D76-EC6B30C5F0C7}.LIB Release Serialization.ActiveCfg = Release|Win32
		{C8F2A87B-E2D8-4306-8D76-EC6B30C5F0C7}.LIB Release Serialization.Build.0 = Release|Win32
		{C8F2A87B-E2D8-4306-8D76-EC6B30C5F0C7}.Release.ActiveCfg = Release|Win32
		{C8F2A87B-E2D8-4306-8D76-EC6B30C5F0C7}.Release.Build.0 = Release|Win32
		{C8F2A87B-E2D8-4306-8D76-EC6B30C5F0C7}.ReleaseDLL.ActiveCfg = ReleaseDll|Win32
		{C8F2A87B-E2D8-4306-8D76-EC6B30C5F0C7}.ReleaseDLL.Build.0 = ReleaseDll|Win32
		{C9C324DD-85D1-4135-9191-6CE8F6613E83}.Debug.ActiveCfg = Debug|Win32
		{C9C324DD-85D1-4135-9191-6CE8F6613E83}.Debug.Build.0 = Debug|Win32
		{C9C324DD-85D1-4135-9191-6CE8F6613E83}.DebugDLL.ActiveCfg = DebugDll|Win32
		{C9C324DD-85D1-4135-9191-6CE8F6613E83}.DebugDLL.Build.0 = DebugDll|Win32
		{C9C324DD-85D1-4135-9191-6CE8F6613E83}.DLL Debug.ActiveCfg = Debug|Win32
		{C9C324DD-85D1-4135-9191-6CE8F6613E83}.DLL Debug.Build.0 = Debug|Win32
		{C9C324DD-85D1-4135-9191-6CE8F6613E83}.DLL Release.ActiveCfg = Release|Win32
		{C9C324DD-85D1-4135-9191-6CE8F6613E83}.DLL Release.Build.0 = Release|Win32
		{C9C324DD-85D1-4135-9191-6CE8F6613E83}.Final.ActiveCfg = Final|Win32
		{C9C324DD-85D1-4135-9191-6CE8F6613E83}.Final.Build.0 = Final|Win32
		{C9C324DD-85D1-4135-9191-6CE8F6613E83}.LIB Debug Full.ActiveCfg = Debug|Win32
		{C9C324DD-85D1-4135-9191-6CE8F6613E83}.LIB Debug Full.Build.0 = Debug|Win32
		{C9C324DD-85D1-4135-9191-6CE8F6613E83}.LIB Debug Lite.ActiveCfg = Debug|Win32
		{C9C324DD-85D1-4135-9191-6CE8F6613E83}.LIB Debug Lite.Build.0 = Debug|Win32
		{C9C324DD-85D1-4135-9191-6CE8F6613E83}.LIB Debug Serialization.ActiveCfg = Debug|Win32
		{C9C324DD-85D1-4135-9191-6CE8F6613E83}.LIB Debug Serialization.Build.0 = Debug|Win32
		{C9C324DD-85D1-4135-9191-6CE8F6613E83}.LIB Release Full.ActiveCfg = Release|Win32
		{C9C324DD-85D1-4135-9191-6CE8F6613E83}.LIB Release Full.Build.0 = Release|Win32
		{C9C324DD-85D1-4135-9191-6CE8F6613E83}.LIB Release Serialization.ActiveCfg = Release|Win32
		{C9C324DD-85D1-4135-9191-6CE8F6613E83}.LIB Release Serialization.Build.0 = Release|Win32
		{C9C324DD-85D1-4135-9191-6CE8F6613E83}.Release.ActiveCfg = Release|Win32
		{C9C324DD-85D1-4135-9191-6CE8F6613E83}.Release.Build.0 = Release|Win32
		{C9C324DD-85D1-4135-9191-6CE8F6613E83}.ReleaseDLL.ActiveCfg = ReleaseDll|Win32
		{C9C324DD-85D1-4135-9191-6CE8F6613E83}.ReleaseDLL.Build.0 = ReleaseDll|Win32
		{3255C187-3794-48D2-9228-904CFFB7FA5B}.Debug.ActiveCfg = Debug|Win32
		{3255C187-3794-48D2-9228-904CFFB7FA5B}.Debug.Build.0 = Debug|Win32
		{3255C187-3794-48D2-9228-904CFFB7FA5B}.DebugDLL.ActiveCfg = DebugDLL|Win32
		{3255C187-3794-48D2-9228-904CFFB7FA5B}.DebugDLL.Build.0 = DebugDLL|Win32
		{3255C187-3794-48D2-9228-904CFFB7FA5B}.DLL Debug.ActiveCfg = Debug|Win32
		{3255C187-3794-48D2-9228-904CFFB7FA5B}.DLL Debug.Build.0 = Debug|Win32
		{3255C187-3794-48D2-9228-904CFFB7FA5B}.DLL Release.ActiveCfg = Release|Win32
		{3255C187-3794-48D2-9228-904CFFB7FA5B}.DLL Release.Build.0 = Release|Win32
		{3255C187-3794-48D2-9228-904CFFB7FA5B}.Final.ActiveCfg = Final|Win32
		{3255C187-3794-48D2-9228-904CFFB7FA5B}.Final.Build.0 = Final|Win32
		{3255C187-3794-48D2-9228-904CFFB7FA5B}.LIB Debug Full.ActiveCfg = Debug|Win32
		{3255C187-3794-48D2-9228-904CFFB7FA5B}.LIB Debug Full.Build.0 = Debug|Win32
		{3255C187-3794-48D2-9228-904CFFB7FA5B}.LIB Debug Lite.ActiveCfg = Debug|Win32
		{3255C187-3794-48D2-9228-904CFFB7FA5B}.LIB Debug Lite.Build.0 = Debug|Win32
		{3255C187-3794-48D2-9228-904CFFB7FA5B}.LIB Debug Serialization.ActiveCfg = Debug|Win32
		{3255C187-3794-48D2-9228-904CFFB7FA5B}.LIB Debug Serialization.Build.0 = Debug|Win32
		{3255C187-3794-48D2-9228-904CFFB7FA5B}.LIB Release Full.ActiveCfg = Release|Win32
		{3255C187-3794-48D2-9228-904CFFB7FA5B}.LIB Release Full.Build.0 = Release|Win32
		{3255C187-3794-48D2-9228-904CFFB7FA5B}.LIB Release Serialization.ActiveCfg = Release|Win32
		{3255C187-3794-48D2-9228-904CFFB7FA5B}.LIB Release Serialization.Build.0 = Release|Win32
		{3255C187-3794-48D2-9228-904CFFB7FA5B}.Release.ActiveCfg = Release|Win32
		{3255C187-3794-48D2-9228-904CFFB7FA5B}.Release.Build.0 = Release|Win32
		{3255C187-3794-48D2-9228-904CFFB7FA5B}.ReleaseDLL.ActiveCfg = ReleaseDLL|Win32
		{3255C187-3794-48D2-9228-904CFFB7FA5B}.ReleaseDLL.Build.0 = ReleaseDLL|Win32
		{60375085-39B1-4121-BBD2-FDAB085C8E18}.Debug.ActiveCfg = Debug|Win32
		{60375085-39B1-4121-BBD2-FDAB085C8E18}.Debug.Build.0 = Debug|Win32
		{60375085-39B1-4121-BBD2-FDAB085C8E18}.DebugDLL.ActiveCfg = Debug|Win32
		{60375085-39B1-4121-BBD2-FDAB085C8E18}.DebugDLL.Build.0 = Debug|Win32
		{60375085-39B1-4121-BBD2-FDAB085C8E18}.DLL Debug.ActiveCfg = Debug|Win32
		{60375085-39B1-4121-BBD2-FDAB085C8E18}.DLL Debug.Build.0 = Debug|Win32
		{60375085-39B1-4121-BBD2-FDAB085C8E18}.DLL Release.ActiveCfg = Release|Win32
		{60375085-39B1-4121-BBD2-FDAB085C8E18}.DLL Release.Build.0 = Release|Win32
		{60375085-39B1-4121-BBD2-FDAB085C8E18}.Final.ActiveCfg = Release|Win32
		{60375085-39B1-4121-BBD2-FDAB085C8E18}.Final.Build.0 = Release|Win32
		{60375085-39B1-4121-BBD2-FDAB085C8E18}.LIB Debug Full.ActiveCfg = Debug|Win32
		{60375085-39B1-4121-BBD2-FDAB085C8E18}.LIB Debug Full.Build.0 = Debug|Win32
		{60375085-39B1-4121-BBD2-FDAB085C8E18}.LIB Debug Lite.ActiveCfg = Debug|Win32
		{60375085-39B1-4121-BBD2-FDAB085C8E18}.LIB Debug Lite.Build.0 = Debug|Win32
		{60375085-39B1-4121-BBD2-FDAB085C8E18}.LIB Debug Serialization.ActiveCfg = Debug|Win32
		{60375085-39B1-4121-BBD2-FDAB085C8E18}.LIB Debug Serialization.Build.0 = Debug|Win32
		{60375085-39B1-4121-BBD2-FDAB085C8E18}.LIB Release Full.ActiveCfg = Release|Win32
		{60375085-39B1-4121-BBD2-FDAB085C8E18}.LIB Release Full.Build.0 = Release|Win32
		{60375085-39B1-4121-BBD2-FDAB085C8E18}.LIB Release Serialization.ActiveCfg = Release|Win32
		{60375085-39B1-4121-BBD2-FDAB085C8E18}.LIB Release Serialization.Build.0 = Release|Win32
		{60375085-39B1-4121-BBD2-FDAB085C8E18}.Release.ActiveCfg = Release|Win32
		{60375085-39B1-4121-BBD2-FDAB085C8E18}.Release.Build.0 = Release|Win32
		{60375085-39B1-4121-BBD2-FDAB085C8E18}.ReleaseDLL.ActiveCfg = Release|Win32
		{60375085-39B1-4121-BBD2-FDAB085C8E18}.ReleaseDLL.Build.0 = Release|Win32
		{28AB44A4-C26F-458B-AE29-2A54FCDE22FF}.Debug.ActiveCfg = Debug|Win32
		{28AB44A4-C26F-458B-AE29-2A54FCDE22FF}.Debug.Build.0 = Debug|Win32
		{28AB44A4-C26F-458B-AE29-2A54FCDE22FF}.DebugDLL.ActiveCfg = Debug|Win32
		{28AB44A4-C26F-458B-AE29-2A54FCDE22FF}.DebugDLL.Build.0 = Debug|Win32
		{28AB44A4-C26F-458B-AE29-2A54FCDE22FF}.DLL Debug.ActiveCfg = Debug|Win32
		{28AB44A4-C26F-458B-AE29-2A54FCDE22FF}.DLL Debug.Build.0 = Debug|Win32
		{28AB44A4-C26F-458B-AE29-2A54FCDE22FF}.DLL Release.ActiveCfg = Release|Win32
		{28AB44A4-C26F-458B-AE29-2A54FCDE22FF}.DLL Release.Build.0 = Release|Win32
		{28AB44A4-C26F-458B-AE29-2A54FCDE22FF}.Final.ActiveCfg = Release|Win32
		{28AB44A4-C26F-458B-AE29-2A54FCDE22FF}.Final.Build.0 = Release|Win32
		{28AB44A4-C26F-458B-AE29-2A54FCDE22FF}.LIB Debug Full.ActiveCfg = Debug|Win32
		{28AB44A4-C26F-458B-AE29-2A54FCDE22FF}.LIB Debug Full.Build.0 = Debug|Win32
		{28AB44A4-C26F-458B-AE29-2A54FCDE22FF}.LIB Debug Lite.ActiveCfg = Debug|Win32
		{28AB44A4-C26F-458B-AE29-2A54FCDE22FF}.LIB Debug Lite.Build.0 = Debug|Win32
		{28AB44A4-C26F-458B-AE29-2A54FCDE22FF}.LIB Debug Serialization.ActiveCfg = Debug|Win32
		{28AB44A4-C26F-458B-AE29-2A54FCDE22FF}.LIB Debug Serialization.Build.0 = Debug|Win32
		{28AB44A4-C26F-458B-AE29-2A54FCDE22FF}.LIB Release Full.ActiveCfg = Release|Win32
		{28AB44A4-C26F-458B-AE29-2A54FCDE22FF}.LIB Release Full.Build.0 = Release|Win32
		{28AB44A4-C26F-458B-AE29-2A54FCDE22FF}.LIB Release Serialization.ActiveCfg = Release|Win32
		{28AB44A4-C26F-458B-AE29-2A54FCDE22FF}.LIB Release Serialization.Build.0 = Release|Win32
		{28AB44A4-C26F-458B-AE29-2A54FCDE22FF}.Release.ActiveCfg = Release|Win32
		{28AB44A4-C26F-458B-AE29-2A54FCDE22FF}.Release.Build.0 = Release|Win32
		{28AB44A4-C26F-458B-AE29-2A54FCDE22FF}.ReleaseDLL.ActiveCfg = Release|Win32
		{28AB44A4-C26F-458B-AE29-2A54FCDE22FF}.ReleaseDLL.Build.0 = Release|Win32
		{D5583DE6-0021-47EE-B74B-E373B914F4C1}.Debug.ActiveCfg = Debug|Win32
		{D5583DE6-0021-47EE-B74B-E373B914F4C1}.Debug.Build.0 = Debug|Win32
		{D5583DE6-0021-47EE-B74B-E373B914F4C1}.DebugDLL.ActiveCfg = Debug|Win32
		{D5583DE6-0021-47EE-B74B-E373B914F4C1}.DebugDLL.Build.0 = Debug|Win32
		{D5583DE6-0021-47EE-B74B-E373B914F4C1}.DLL Debug.ActiveCfg = Debug|Win32
		{D5583DE6-0021-47EE-B74B-E373B914F4C1}.DLL Debug.Build.0 = Debug|Win32
		{D5583DE6-0021-47EE-B74B-E373B914F4C1}.DLL Release.ActiveCfg = Release|Win32
		{D5583DE6-0021-47EE-B74B-E373B914F4C1}.DLL Release.Build.0 = Release|Win32
		{D5583DE6-0021-47EE-B74B-E373B914F4C1}.Final.ActiveCfg = Release|Win32
		{D5583DE6-0021-47EE-B74B-E373B914F4C1}.Final.Build.0 = Release|Win32
		{D5583DE6-0021-47EE-B74B-E373B914F4C1}.LIB Debug Full.ActiveCfg = Debug|Win32
		{D5583DE6-0021-47EE-B74B-E373B914F4C1}.LIB Debug Full.Build.0 = Debug|Win32
		{D5583DE6-0021-47EE-B74B-E373B914F4C1}.LIB Debug Lite.ActiveCfg = Debug|Win32
		{D5583DE6-0021-47EE-B74B-E373B914F4C1}.LIB Debug Lite.Build.0 = Debug|Win32
		{D5583DE6-0021-47EE-B74B-E373B914F4C1}.LIB Debug Serialization.ActiveCfg = Debug|Win32
		{D5583DE6-0021-47EE-B74B-E373B914F4C1}.LIB Debug Serialization.Build.0 = Debug|Win32
		{D5583DE6-0021-47EE-B74B-E373B914F4C1}.LIB Release Full.ActiveCfg = Release|Win32
		{D5583DE6-0021-47EE-B74B-E373B914F4C1}.LIB Release Full.Build.0 = Release|Win32
		{D5583DE6-0021-47EE-B74B-E373B914F4C1}.LIB Release Serialization.ActiveCfg = Release|Win32
		{D5583DE6-0021-47EE-B74B-E373B914F4C1}.LIB Release Serialization.Build.0 = Release|Win32
		{D5583DE6-0021-47EE-B74B-E373B914F4C1}.Release.ActiveCfg = Release|Win32
		{D5583DE6-0021-47EE-B74B-E373B914F4C1}.Release.Build.0 = Release|Win32
		{D5583DE6-0021-47EE-B74B-E373B914F4C1}.ReleaseDLL.ActiveCfg = Release|Win32
		{D5583DE6-0021-47EE-B74B-E373B914F4C1}.ReleaseDLL.Build.0 = Release|Win32
		{242B328B-96E4-42DB-9BBE-F4C81D51CD0F}.Debug.ActiveCfg = Debug|Win32
		{242B328B-96E4-42DB-9BBE-F4C81D51CD0F}.Debug.Build.0 = Debug|Win32
		{242B328B-96E4-42DB-9BBE-F4C81D51CD0F}.DebugDLL.ActiveCfg = DLL Release|Win32
		{242B328B-96E4-42DB-9BBE-F4C81D51CD0F}.DebugDLL.Build.0 = DLL Release|Win32
		{242B328B-96E4-42DB-9BBE-F4C81D51CD0F}.DLL Debug.ActiveCfg = DLL Debug|Win32
		{242B328B-96E4-42DB-9BBE-F4C81D51CD0F}.DLL Debug.Build.0 = DLL Debug|Win32
		{242B328B-96E4-42DB-9BBE-F4C81D51CD0F}.DLL Release.ActiveCfg = DLL Release|Win32
		{242B328B-96E4-42DB-9BBE-F4C81D51CD0F}.DLL Release.Build.0 = DLL Release|Win32
		{242B328B-96E4-42DB-9BBE-F4C81D51CD0F}.Final.ActiveCfg = Release|Win32
		{242B328B-96E4-42DB-9BBE-F4C81D51CD0F}.Final.Build.0 = Release|Win32
		{242B328B-96E4-42DB-9BBE-F4C81D51CD0F}.LIB Debug Full.ActiveCfg = LIB Debug Full|Win32
		{242B328B-96E4-42DB-9BBE-F4C81D51CD0F}.LIB Debug Full.Build.0 = LIB Debug Full|Win32
		{242B328B-96E4-42DB-9BBE-F4C81D51CD0F}.LIB Debug Lite.ActiveCfg = LIB Debug Lite|Win32
		{242B328B-96E4-42DB-9BBE-F4C81D51CD0F}.LIB Debug Lite.Build.0 = LIB Debug Lite|Win32
		{242B328B-96E4-42DB-9BBE-F4C81D51CD0F}.LIB Debug Serialization.ActiveCfg = LIB Debug Serialization|Win32
		{242B328B-96E4-42DB-9BBE-F4C81D51CD0F}.LIB Debug Serialization.Build.0 = LIB Debug Serialization|Win32
		{242B328B-96E4-42DB-9BBE-F4C81D51CD0F}.LIB Release Full.ActiveCfg = LIB Release Full|Win32
		{242B328B-96E4-42DB-9BBE-F4C81D51CD0F}.LIB Release Full.Build.0 = LIB Release Full|Win32
		{242B328B-96E4-42DB-9BBE-F4C81D51CD0F}.LIB Release Serialization.ActiveCfg = LIB Release Serialization|Win32
		{242B328B-96E4-42DB-9BBE-F4C81D51CD0F}.LIB Release Serialization.Build.0 = LIB Release Serialization|Win32
		{242B328B-96E4-42DB-9BBE-F4C81D51CD0F}.Release.ActiveCfg = Release|Win32
		{242B328B-96E4-42DB-9BBE-F4C81D51CD0F}.Release.Build.0 = Release|Win32
		{242B328B-96E4-42DB-9BBE-F4C81D51CD0F}.ReleaseDLL.ActiveCfg = LIB Release Full|Win32
		{242B328B-96E4-42DB-9BBE-F4C81D51CD0F}.ReleaseDLL.Build.0 = LIB Release Full|Win32
		{FF63268D-F25C-43B8-A4A9-E184E440EBFF}.Debug.ActiveCfg = Debug|Win32
		{FF63268D-F25C-43B8-A4A9-E184E440EBFF}.Debug.Build.0 = Debug|Win32
		{FF63268D-F25C-43B8-A4A9-E184E440EBFF}.DebugDLL.ActiveCfg = Debug|Win32
		{FF63268D-F25C-43B8-A4A9-E184E440EBFF}.DebugDLL.Build.0 = Debug|Win32
		{FF63268D-F25C-43B8-A4A9-E184E440EBFF}.DLL Debug.ActiveCfg = Debug|Win32
		{FF63268D-F25C-43B8-A4A9-E184E440EBFF}.DLL Debug.Build.0 = Debug|Win32
		{FF63268D-F25C-43B8-A4A9-E184E440EBFF}.DLL Release.ActiveCfg = Release|Win32
		{FF63268D-F25C-43B8-A4A9-E184E440EBFF}.DLL Release.Build.0 = Release|Win32
		{FF63268D-F25C-43B8-A4A9-E184E440EBFF}.Final.ActiveCfg = Release|Win32
		{FF63268D-F25C-43B8-A4A9-E184E440EBFF}.Final.Build.0 = Release|Win32
		{FF63268D-F25C-43B8-A4A9-E184E440EBFF}.LIB Debug Full.ActiveCfg = Debug|Win32
		{FF63268D-F25C-43B8-A4A9-E184E440EBFF}.LIB Debug Full.Build.0 = Debug|Win32
		{FF63268D-F25C-43B8-A4A9-E184E440EBFF}.LIB Debug Lite.ActiveCfg = Debug|Win32
		{FF63268D-F25C-43B8-A4A9-E184E440EBFF}.LIB Debug Lite.Build.0 = Debug|Win32
		{FF63268D-F25C-43B8-A4A9-E184E440EBFF}.LIB Debug Serialization.ActiveCfg = Debug|Win32
		{FF63268D-F25C-43B8-A4A9-E184E440EBFF}.LIB Debug Serialization.Build.0 = Debug|Win32
		{FF63268D-F25C-43B8-A4A9-E184E440EBFF}.LIB Release Full.ActiveCfg = Release|Win32
		{FF63268D-F25C-43B8-A4A9-E184E440EBFF}.LIB Release Full.Build.0 = Release|Win32
		{FF63268D-F25C-43B8-A4A9-E184E440EBFF}.LIB Release Serialization.ActiveCfg = Release|Win32
		{FF63268D-F25C-43B8-A4A9-E184E440EBFF}.LIB Release Serialization.Build.0 = Release|Win32
		{FF63268D-F25C-43B8-A4A9-E184E440EBFF}.Release.ActiveCfg = Release|Win32
		{FF63268D-F25C-43B8-A4A9-E184E440EBFF}.Release.Build.0 = Release|Win32
		{FF63268D-F25C-43B8-A4A9-E184E440EBFF}.ReleaseDLL.ActiveCfg = Release|Win32
		{FF63268D-F25C-43B8-A4A9-E184E440EBFF}.ReleaseDLL.Build.0 = Release|Win32
	EndGlobalSection
	GlobalSection(ExtensibilityGlobals) = postSolution
	EndGlobalSection
	GlobalSection(ExtensibilityAddIns) = postSolution
	EndGlobalSection
	GlobalSection(DPCodeReviewSolutionGUID) = preSolution
		DPCodeReviewSolutionGUID = {00000000-0000-0000-0000-000000000000}
	EndGlobalSection
EndGlobal
