Microsoft Visual Studio Solution File, Format Version 8.00
Project("{8BC9CEB8-8B4A-11D0-8D11-00A0C91BC942}") = "ExcelExport", "ExcelExport.vcproj", "{8E85647C-A6C0-4520-922F-19E0E4DAC52B}"
	ProjectSection(ProjectDependencies) = postProject
	EndProjectSection
EndProject
Global
	GlobalSection(SolutionConfiguration) = preSolution
		Debug = Debug
		Release = Release
	EndGlobalSection
	GlobalSection(ProjectConfiguration) = postSolution
		{8E85647C-A6C0-4520-922F-19E0E4DAC52B}.Debug.ActiveCfg = Debug|Win32
		{8E85647C-A6C0-4520-922F-19E0E4DAC52B}.Debug.Build.0 = Debug|Win32
		{8E85647C-A6C0-4520-922F-19E0E4DAC52B}.Release.ActiveCfg = Release|Win32
		{8E85647C-A6C0-4520-922F-19E0E4DAC52B}.Release.Build.0 = Release|Win32
	EndGlobalSection
	GlobalSection(ExtensibilityGlobals) = postSolution
	EndGlobalSection
	GlobalSection(ExtensibilityAddIns) = postSolution
	EndGlobalSection
EndGlobal
