Microsoft Visual Studio Solution File, Format Version 8.00
Project("{8BC9CEB8-8B4A-11D0-8D11-00A0C91BC942}") = "Render", "..\Render\Render.vcproj", "{8D254B90-E306-4081-A5B8-9F4E31436AE1}"
	ProjectSection(ProjectDependencies) = postProject
	EndProjectSection
EndProject
Project("{8BC9CEB8-8B4A-11D0-8D11-00A0C91BC942}") = "EasyMap", "EasyMap.vcproj", "{D6153C1D-B7A9-49D1-994D-2D72A451DC8D}"
	ProjectSection(ProjectDependencies) = postProject
		{60375085-39B1-4121-BBD2-FDAB085C8E18} = {60375085-39B1-4121-BBD2-FDAB085C8E18}
		{3255C187-3794-48D2-9228-904CFFB7FA5B} = {3255C187-3794-48D2-9228-904CFFB7FA5B}
		{8D254B90-E306-4081-A5B8-9F4E31436AE1} = {8D254B90-E306-4081-A5B8-9F4E31436AE1}
		{28AB44A4-C26F-458B-AE29-2A54FCDE22FF} = {28AB44A4-C26F-458B-AE29-2A54FCDE22FF}
		{C9C324DD-85D1-4135-9191-6CE8F6613E83} = {C9C324DD-85D1-4135-9191-6CE8F6613E83}
		{D5583DE6-0021-47EE-B74B-E373B914F4C1} = {D5583DE6-0021-47EE-B74B-E373B914F4C1}
	EndProjectSection
EndProject
Project("{8BC9CEB8-8B4A-11D0-8D11-00A0C91BC942}") = "Terra", "..\Terra\Terra.vcproj", "{C9C324DD-85D1-4135-9191-6CE8F6613E83}"
	ProjectSection(ProjectDependencies) = postProject
	EndProjectSection
EndProject
Project("{8BC9CEB8-8B4A-11D0-8D11-00A0C91BC942}") = "Serialization", "..\Util\Serialization\Serialization.vcproj", "{3255C187-3794-48D2-9228-904CFFB7FA5B}"
	ProjectSection(ProjectDependencies) = postProject
	EndProjectSection
EndProject
Project("{8BC9CEB8-8B4A-11D0-8D11-00A0C91BC942}") = "3dx", "..\Render\3dx\3dx.vcproj", "{60375085-39B1-4121-BBD2-FDAB085C8E18}"
	ProjectSection(ProjectDependencies) = postProject
	EndProjectSection
EndProject
Project("{8BC9CEB8-8B4A-11D0-8D11-00A0C91BC942}") = "VistaRender", "..\VistaRender\VistaRender.vcproj", "{28AB44A4-C26F-458B-AE29-2A54FCDE22FF}"
	ProjectSection(ProjectDependencies) = postProject
	EndProjectSection
EndProject
Project("{8BC9CEB8-8B4A-11D0-8D11-00A0C91BC942}") = "XMath", "..\Util\XMath\XMath.vcproj", "{D5583DE6-0021-47EE-B74B-E373B914F4C1}"
	ProjectSection(ProjectDependencies) = postProject
	EndProjectSection
EndProject
Global
	GlobalSection(SolutionConfiguration) = preSolution
		Debug = Debug
		DebugDll = DebugDll
		Final = Final
		Release = Release
		ReleaseDll = ReleaseDll
	EndGlobalSection
	GlobalSection(ProjectConfiguration) = postSolution
		{8D254B90-E306-4081-A5B8-9F4E31436AE1}.Debug.ActiveCfg = Debug|Win32
		{8D254B90-E306-4081-A5B8-9F4E31436AE1}.Debug.Build.0 = Debug|Win32
		{8D254B90-E306-4081-A5B8-9F4E31436AE1}.DebugDll.ActiveCfg = DebugDll|Win32
		{8D254B90-E306-4081-A5B8-9F4E31436AE1}.DebugDll.Build.0 = DebugDll|Win32
		{8D254B90-E306-4081-A5B8-9F4E31436AE1}.Final.ActiveCfg = Final|Win32
		{8D254B90-E306-4081-A5B8-9F4E31436AE1}.Final.Build.0 = Final|Win32
		{8D254B90-E306-4081-A5B8-9F4E31436AE1}.Release.ActiveCfg = Release|Win32
		{8D254B90-E306-4081-A5B8-9F4E31436AE1}.Release.Build.0 = Release|Win32
		{8D254B90-E306-4081-A5B8-9F4E31436AE1}.ReleaseDll.ActiveCfg = ReleaseDll|Win32
		{8D254B90-E306-4081-A5B8-9F4E31436AE1}.ReleaseDll.Build.0 = ReleaseDll|Win32
		{D6153C1D-B7A9-49D1-994D-2D72A451DC8D}.Debug.ActiveCfg = Debug|Win32
		{D6153C1D-B7A9-49D1-994D-2D72A451DC8D}.Debug.Build.0 = Debug|Win32
		{D6153C1D-B7A9-49D1-994D-2D72A451DC8D}.DebugDll.ActiveCfg = DebugDll|Win32
		{D6153C1D-B7A9-49D1-994D-2D72A451DC8D}.DebugDll.Build.0 = DebugDll|Win32
		{D6153C1D-B7A9-49D1-994D-2D72A451DC8D}.Final.ActiveCfg = Release|Win32
		{D6153C1D-B7A9-49D1-994D-2D72A451DC8D}.Final.Build.0 = Release|Win32
		{D6153C1D-B7A9-49D1-994D-2D72A451DC8D}.Release.ActiveCfg = Release|Win32
		{D6153C1D-B7A9-49D1-994D-2D72A451DC8D}.Release.Build.0 = Release|Win32
		{D6153C1D-B7A9-49D1-994D-2D72A451DC8D}.ReleaseDll.ActiveCfg = ReleaseDll|Win32
		{D6153C1D-B7A9-49D1-994D-2D72A451DC8D}.ReleaseDll.Build.0 = ReleaseDll|Win32
		{C9C324DD-85D1-4135-9191-6CE8F6613E83}.Debug.ActiveCfg = Debug|Win32
		{C9C324DD-85D1-4135-9191-6CE8F6613E83}.Debug.Build.0 = Debug|Win32
		{C9C324DD-85D1-4135-9191-6CE8F6613E83}.DebugDll.ActiveCfg = DebugDll|Win32
		{C9C324DD-85D1-4135-9191-6CE8F6613E83}.DebugDll.Build.0 = DebugDll|Win32
		{C9C324DD-85D1-4135-9191-6CE8F6613E83}.Final.ActiveCfg = Final|Win32
		{C9C324DD-85D1-4135-9191-6CE8F6613E83}.Final.Build.0 = Final|Win32
		{C9C324DD-85D1-4135-9191-6CE8F6613E83}.Release.ActiveCfg = Release|Win32
		{C9C324DD-85D1-4135-9191-6CE8F6613E83}.Release.Build.0 = Release|Win32
		{C9C324DD-85D1-4135-9191-6CE8F6613E83}.ReleaseDll.ActiveCfg = ReleaseDll|Win32
		{C9C324DD-85D1-4135-9191-6CE8F6613E83}.ReleaseDll.Build.0 = ReleaseDll|Win32
		{3255C187-3794-48D2-9228-904CFFB7FA5B}.Debug.ActiveCfg = Debug|Win32
		{3255C187-3794-48D2-9228-904CFFB7FA5B}.Debug.Build.0 = Debug|Win32
		{3255C187-3794-48D2-9228-904CFFB7FA5B}.DebugDll.ActiveCfg = DebugDLL|Win32
		{3255C187-3794-48D2-9228-904CFFB7FA5B}.DebugDll.Build.0 = DebugDLL|Win32
		{3255C187-3794-48D2-9228-904CFFB7FA5B}.Final.ActiveCfg = Final|Win32
		{3255C187-3794-48D2-9228-904CFFB7FA5B}.Final.Build.0 = Final|Win32
		{3255C187-3794-48D2-9228-904CFFB7FA5B}.Release.ActiveCfg = Release|Win32
		{3255C187-3794-48D2-9228-904CFFB7FA5B}.Release.Build.0 = Release|Win32
		{3255C187-3794-48D2-9228-904CFFB7FA5B}.ReleaseDll.ActiveCfg = ReleaseDLL|Win32
		{3255C187-3794-48D2-9228-904CFFB7FA5B}.ReleaseDll.Build.0 = ReleaseDLL|Win32
		{60375085-39B1-4121-BBD2-FDAB085C8E18}.Debug.ActiveCfg = Debug|Win32
		{60375085-39B1-4121-BBD2-FDAB085C8E18}.Debug.Build.0 = Debug|Win32
		{60375085-39B1-4121-BBD2-FDAB085C8E18}.DebugDll.ActiveCfg = Debug|Win32
		{60375085-39B1-4121-BBD2-FDAB085C8E18}.DebugDll.Build.0 = Debug|Win32
		{60375085-39B1-4121-BBD2-FDAB085C8E18}.Final.ActiveCfg = Release|Win32
		{60375085-39B1-4121-BBD2-FDAB085C8E18}.Final.Build.0 = Release|Win32
		{60375085-39B1-4121-BBD2-FDAB085C8E18}.Release.ActiveCfg = Release|Win32
		{60375085-39B1-4121-BBD2-FDAB085C8E18}.Release.Build.0 = Release|Win32
		{60375085-39B1-4121-BBD2-FDAB085C8E18}.ReleaseDll.ActiveCfg = Release|Win32
		{60375085-39B1-4121-BBD2-FDAB085C8E18}.ReleaseDll.Build.0 = Release|Win32
		{28AB44A4-C26F-458B-AE29-2A54FCDE22FF}.Debug.ActiveCfg = Debug|Win32
		{28AB44A4-C26F-458B-AE29-2A54FCDE22FF}.Debug.Build.0 = Debug|Win32
		{28AB44A4-C26F-458B-AE29-2A54FCDE22FF}.DebugDll.ActiveCfg = Debug|Win32
		{28AB44A4-C26F-458B-AE29-2A54FCDE22FF}.DebugDll.Build.0 = Debug|Win32
		{28AB44A4-C26F-458B-AE29-2A54FCDE22FF}.Final.ActiveCfg = Release|Win32
		{28AB44A4-C26F-458B-AE29-2A54FCDE22FF}.Final.Build.0 = Release|Win32
		{28AB44A4-C26F-458B-AE29-2A54FCDE22FF}.Release.ActiveCfg = Release|Win32
		{28AB44A4-C26F-458B-AE29-2A54FCDE22FF}.Release.Build.0 = Release|Win32
		{28AB44A4-C26F-458B-AE29-2A54FCDE22FF}.ReleaseDll.ActiveCfg = Release|Win32
		{28AB44A4-C26F-458B-AE29-2A54FCDE22FF}.ReleaseDll.Build.0 = Release|Win32
		{D5583DE6-0021-47EE-B74B-E373B914F4C1}.Debug.ActiveCfg = Debug|Win32
		{D5583DE6-0021-47EE-B74B-E373B914F4C1}.Debug.Build.0 = Debug|Win32
		{D5583DE6-0021-47EE-B74B-E373B914F4C1}.DebugDll.ActiveCfg = Debug|Win32
		{D5583DE6-0021-47EE-B74B-E373B914F4C1}.DebugDll.Build.0 = Debug|Win32
		{D5583DE6-0021-47EE-B74B-E373B914F4C1}.Final.ActiveCfg = Release|Win32
		{D5583DE6-0021-47EE-B74B-E373B914F4C1}.Final.Build.0 = Release|Win32
		{D5583DE6-0021-47EE-B74B-E373B914F4C1}.Release.ActiveCfg = Release|Win32
		{D5583DE6-0021-47EE-B74B-E373B914F4C1}.Release.Build.0 = Release|Win32
		{D5583DE6-0021-47EE-B74B-E373B914F4C1}.ReleaseDll.ActiveCfg = Release|Win32
		{D5583DE6-0021-47EE-B74B-E373B914F4C1}.ReleaseDll.Build.0 = Release|Win32
	EndGlobalSection
	GlobalSection(ExtensibilityGlobals) = postSolution
	EndGlobalSection
	GlobalSection(ExtensibilityAddIns) = postSolution
	EndGlobalSection
EndGlobal
