Microsoft Visual Studio Solution File, Format Version 8.00
Project("{8BC9CEB8-8B4A-11D0-8D11-00A0C91BC942}") = "Configurator", "Configurator.vcproj", "{FD1BE0E8-D620-48FB-A614-C509C9D9D955}"
	ProjectSection(ProjectDependencies) = postProject
		{3255C187-3794-48D2-9228-904CFFB7FA5B} = {3255C187-3794-48D2-9228-904CFFB7FA5B}
		{32F47DFC-DA16-4F61-9B0B-3B9D272CC72F} = {32F47DFC-DA16-4F61-9B0B-3B9D272CC72F}
	EndProjectSection
EndProject
Project("{8BC9CEB8-8B4A-11D0-8D11-00A0C91BC942}") = "TreeListCtrl", "..\AttribEditor\TreeListCtrl\TreeListCtrl.vcproj", "{32F47DFC-DA16-4F61-9B0B-3B9D272CC72F}"
	ProjectSection(ProjectDependencies) = postProject
	EndProjectSection
EndProject
Project("{8BC9CEB8-8B4A-11D0-8D11-00A0C91BC942}") = "Serialization", "..\Util\Serialization\lib\Serialization.vcproj", "{3255C187-3794-48D2-9228-904CFFB7FA5B}"
	ProjectSection(ProjectDependencies) = postProject
	EndProjectSection
EndProject
Global
	GlobalSection(SolutionConfiguration) = preSolution
		Debug = Debug
		Debug DLL = Debug DLL
		Final = Final
		Release = Release
		Release DLL = Release DLL
	EndGlobalSection
	GlobalSection(ProjectConfiguration) = postSolution
		{FD1BE0E8-D620-48FB-A614-C509C9D9D955}.Debug.ActiveCfg = Debug|Win32
		{FD1BE0E8-D620-48FB-A614-C509C9D9D955}.Debug.Build.0 = Debug|Win32
		{FD1BE0E8-D620-48FB-A614-C509C9D9D955}.Debug DLL.ActiveCfg = Debug|Win32
		{FD1BE0E8-D620-48FB-A614-C509C9D9D955}.Debug DLL.Build.0 = Debug|Win32
		{FD1BE0E8-D620-48FB-A614-C509C9D9D955}.Final.ActiveCfg = Release|Win32
		{FD1BE0E8-D620-48FB-A614-C509C9D9D955}.Final.Build.0 = Release|Win32
		{FD1BE0E8-D620-48FB-A614-C509C9D9D955}.Release.ActiveCfg = Release|Win32
		{FD1BE0E8-D620-48FB-A614-C509C9D9D955}.Release.Build.0 = Release|Win32
		{FD1BE0E8-D620-48FB-A614-C509C9D9D955}.Release DLL.ActiveCfg = Release|Win32
		{FD1BE0E8-D620-48FB-A614-C509C9D9D955}.Release DLL.Build.0 = Release|Win32
		{32F47DFC-DA16-4F61-9B0B-3B9D272CC72F}.Debug.ActiveCfg = Debug|Win32
		{32F47DFC-DA16-4F61-9B0B-3B9D272CC72F}.Debug.Build.0 = Debug|Win32
		{32F47DFC-DA16-4F61-9B0B-3B9D272CC72F}.Debug DLL.ActiveCfg = Debug DLL|Win32
		{32F47DFC-DA16-4F61-9B0B-3B9D272CC72F}.Debug DLL.Build.0 = Debug DLL|Win32
		{32F47DFC-DA16-4F61-9B0B-3B9D272CC72F}.Final.ActiveCfg = Release|Win32
		{32F47DFC-DA16-4F61-9B0B-3B9D272CC72F}.Final.Build.0 = Release|Win32
		{32F47DFC-DA16-4F61-9B0B-3B9D272CC72F}.Release.ActiveCfg = Release|Win32
		{32F47DFC-DA16-4F61-9B0B-3B9D272CC72F}.Release.Build.0 = Release|Win32
		{32F47DFC-DA16-4F61-9B0B-3B9D272CC72F}.Release DLL.ActiveCfg = Release DLL|Win32
		{32F47DFC-DA16-4F61-9B0B-3B9D272CC72F}.Release DLL.Build.0 = Release DLL|Win32
		{3255C187-3794-48D2-9228-904CFFB7FA5B}.Debug.ActiveCfg = Debug|Win32
		{3255C187-3794-48D2-9228-904CFFB7FA5B}.Debug.Build.0 = Debug|Win32
		{3255C187-3794-48D2-9228-904CFFB7FA5B}.Debug DLL.ActiveCfg = Debug|Win32
		{3255C187-3794-48D2-9228-904CFFB7FA5B}.Debug DLL.Build.0 = Debug|Win32
		{3255C187-3794-48D2-9228-904CFFB7FA5B}.Final.ActiveCfg = Final|Win32
		{3255C187-3794-48D2-9228-904CFFB7FA5B}.Final.Build.0 = Final|Win32
		{3255C187-3794-48D2-9228-904CFFB7FA5B}.Release.ActiveCfg = Release|Win32
		{3255C187-3794-48D2-9228-904CFFB7FA5B}.Release.Build.0 = Release|Win32
		{3255C187-3794-48D2-9228-904CFFB7FA5B}.Release DLL.ActiveCfg = Release|Win32
		{3255C187-3794-48D2-9228-904CFFB7FA5B}.Release DLL.Build.0 = Release|Win32
	EndGlobalSection
	GlobalSection(ExtensibilityGlobals) = postSolution
	EndGlobalSection
	GlobalSection(ExtensibilityAddIns) = postSolution
	EndGlobalSection
EndGlobal
