Microsoft Visual Studio Solution File, Format Version 8.00
Project("{8BC9CEB8-8B4A-11D0-8D11-00A0C91BC942}") = "Profiler", "Profiler.vcproj", "{FE14308B-6347-42FF-A7BC-A1D8E445AE81}"
	ProjectSection(ProjectDependencies) = postProject
	EndProjectSection
EndProject
Global
	GlobalSection(SolutionConfiguration) = preSolution
		Debug = Debug
		DebugDll = DebugDll
		Release = Release
		ReleaseDll = ReleaseDll
	EndGlobalSection
	GlobalSection(ProjectConfiguration) = postSolution
		{FE14308B-6347-42FF-A7BC-A1D8E445AE81}.Debug.ActiveCfg = Debug|Win32
		{FE14308B-6347-42FF-A7BC-A1D8E445AE81}.Debug.Build.0 = Debug|Win32
		{FE14308B-6347-42FF-A7BC-A1D8E445AE81}.DebugDll.ActiveCfg = DebugDll|Win32
		{FE14308B-6347-42FF-A7BC-A1D8E445AE81}.DebugDll.Build.0 = DebugDll|Win32
		{FE14308B-6347-42FF-A7BC-A1D8E445AE81}.Release.ActiveCfg = Release|Win32
		{FE14308B-6347-42FF-A7BC-A1D8E445AE81}.Release.Build.0 = Release|Win32
		{FE14308B-6347-42FF-A7BC-A1D8E445AE81}.ReleaseDll.ActiveCfg = ReleaseDll|Win32
		{FE14308B-6347-42FF-A7BC-A1D8E445AE81}.ReleaseDll.Build.0 = ReleaseDll|Win32
	EndGlobalSection
	GlobalSection(ExtensibilityGlobals) = postSolution
	EndGlobalSection
	GlobalSection(ExtensibilityAddIns) = postSolution
	EndGlobalSection
EndGlobal
